// !$*UTF8*$!
{
	archiveVersion = 1;
	classes = {
	};
	objectVersion = 46;
	objects = {

/* Begin PBXBuildFile section */
		D84088D91E09E41C00E87EC2 /* AppDelegate.swift in Sources */ = {isa = PBXBuildFile; fileRef = D84088D81E09E41C00E87EC2 /* AppDelegate.swift */; };
		D84088DB1E09E41C00E87EC2 /* ViewController.swift in Sources */ = {isa = PBXBuildFile; fileRef = D84088DA1E09E41C00E87EC2 /* ViewController.swift */; };
		D84088DE1E09E41C00E87EC2 /* Main.storyboard in Resources */ = {isa = PBXBuildFile; fileRef = D84088DC1E09E41C00E87EC2 /* Main.storyboard */; };
		D84088E01E09E41C00E87EC2 /* Assets.xcassets in Resources */ = {isa = PBXBuildFile; fileRef = D84088DF1E09E41C00E87EC2 /* Assets.xcassets */; };
		D84088E31E09E41C00E87EC2 /* LaunchScreen.storyboard in Resources */ = {isa = PBXBuildFile; fileRef = D84088E11E09E41C00E87EC2 /* LaunchScreen.storyboard */; };
		D84088EE1E09E41C00E87EC2 /* GitXcodeUITests.swift in Sources */ = {isa = PBXBuildFile; fileRef = D84088ED1E09E41C00E87EC2 /* GitXcodeUITests.swift */; };
/* End PBXBuildFile section */

/* Begin PBXContainerItemProxy section */
		D84088EA1E09E41C00E87EC2 /* PBXContainerItemProxy */ = {
			isa = PBXContainerItemProxy;
			containerPortal = D84088CD1E09E41C00E87EC2 /* Project object */;
			proxyType = 1;
			remoteGlobalIDString = D84088D41E09E41C00E87EC2;
			remoteInfo = GitXcode;
		};
/* End PBXContainerItemProxy section */

/* Begin PBXFileReference section */
		D84088D51E09E41C00E87EC2 /* GitXcode.app */ = {isa = PBXFileReference; explicitFileType = wrapper.application; includeInIndex = 0; path = GitXcode.app; sourceTree = BUILT_PRODUCTS_DIR; };
		D84088D81E09E41C00E87EC2 /* AppDelegate.swift */ = {isa = PBXFileReference; lastKnownFileType = sourcecode.swift; path = AppDelegate.swift; sourceTree = "<group>"; };
		D84088DA1E09E41C00E87EC2 /* ViewController.swift */ = {isa = PBXFileReference; lastKnownFileType = sourcecode.swift; path = ViewController.swift; sourceTree = "<group>"; };
		D84088DD1E09E41C00E87EC2 /* Base */ = {isa = PBXFileReference; lastKnownFileType = file.storyboard; name = Base; path = Base.lproj/Main.storyboard; sourceTree = "<group>"; };
		D84088DF1E09E41C00E87EC2 /* Assets.xcassets */ = {isa = PBXFileReference; lastKnownFileType = folder.assetcatalog; path = Assets.xcassets; sourceTree = "<group>"; };
		D84088E21E09E41C00E87EC2 /* Base */ = {isa = PBXFileReference; lastKnownFileType = file.storyboard; name = Base; path = Base.lproj/LaunchScreen.storyboard; sourceTree = "<group>"; };
		D84088E41E09E41C00E87EC2 /* Info.plist */ = {isa = PBXFileReference; lastKnownFileType = text.plist.xml; path = Info.plist; sourceTree = "<group>"; };
		D84088E91E09E41C00E87EC2 /* GitXcodeUITests.xctest */ = {isa = PBXFileReference; explicitFileType = wrapper.cfbundle; includeInIndex = 0; path = GitXcodeUITests.xctest; sourceTree = BUILT_PRODUCTS_DIR; };
		D84088ED1E09E41C00E87EC2 /* GitXcodeUITests.swift */ = {isa = PBXFileReference; lastKnownFileType = sourcecode.swift; path = GitXcodeUITests.swift; sourceTree = "<group>"; };
		D84088EF1E09E41C00E87EC2 /* Info.plist */ = {isa = PBXFileReference; lastKnownFileType = text.plist.xml; path = Info.plist; sourceTree = "<group>"; };
/* End PBXFileReference section */

/* Begin PBXFrameworksBuildPhase section */
		D84088D21E09E41C00E87EC2 /* Frameworks */ = {
			isa = PBXFrameworksBuildPhase;
			buildActionMask = 2147483647;
			files = (
			);
			runOnlyForDeploymentPostprocessing = 0;
		};
		D84088E61E09E41C00E87EC2 /* Frameworks */ = {
			isa = PBXFrameworksBuildPhase;
			buildActionMask = 2147483647;
			files = (
			);
			runOnlyForDeploymentPostprocessing = 0;
		};
/* End PBXFrameworksBuildPhase section */

/* Begin PBXGroup section */
		D84088CC1E09E41C00E87EC2 = {
			isa = PBXGroup;
			children = (
				D84088D71E09E41C00E87EC2 /* GitXcode */,
				D84088EC1E09E41C00E87EC2 /* GitXcodeUITests */,
				D84088D61E09E41C00E87EC2 /* Products */,
			);
			sourceTree = "<group>";
		};
		D84088D61E09E41C00E87EC2 /* Products */ = {
			isa = PBXGroup;
			children = (
				D84088D51E09E41C00E87EC2 /* GitXcode.app */,
				D84088E91E09E41C00E87EC2 /* GitXcodeUITests.xctest */,
			);
			name = Products;
			sourceTree = "<group>";
		};
		D84088D71E09E41C00E87EC2 /* GitXcode */ = {
			isa = PBXGroup;
			children = (
				D84088D81E09E41C00E87EC2 /* AppDelegate.swift */,
				D84088DA1E09E41C00E87EC2 /* ViewController.swift */,
				D84088DC1E09E41C00E87EC2 /* Main.storyboard */,
				D84088DF1E09E41C00E87EC2 /* Assets.xcassets */,
				D84088E11E09E41C00E87EC2 /* LaunchScreen.storyboard */,
				D84088E41E09E41C00E87EC2 /* Info.plist */,
			);
			path = GitXcode;
			sourceTree = "<group>";
		};
		D84088EC1E09E41C00E87EC2 /* GitXcodeUITests */ = {
			isa = PBXGroup;
			children = (
				D84088ED1E09E41C00E87EC2 /* GitXcodeUITests.swift */,
				D84088EF1E09E41C00E87EC2 /* Info.plist */,
			);
			path = GitXcodeUITests;
			sourceTree = "<group>";
		};
/* End PBXGroup section */

/* Begin PBXNativeTarget section */
		D84088D41E09E41C00E87EC2 /* GitXcode */ = {
			isa = PBXNativeTarget;
			buildConfigurationList = D84088F21E09E41C00E87EC2 /* Build configuration list for PBXNativeTarget "GitXcode" */;
			buildPhases = (
				D84088D11E09E41C00E87EC2 /* Sources */,
				D84088D21E09E41C00E87EC2 /* Frameworks */,
				D84088D31E09E41C00E87EC2 /* Resources */,
			);
			buildRules = (
			);
			dependencies = (
			);
			name = GitXcode;
			productName = GitXcode;
			productReference = D84088D51E09E41C00E87EC2 /* GitXcode.app */;
			productType = "com.apple.product-type.application";
		};
		D84088E81E09E41C00E87EC2 /* GitXcodeUITests */ = {
			isa = PBXNativeTarget;
			buildConfigurationList = D84088F51E09E41C00E87EC2 /* Build configuration list for PBXNativeTarget "GitXcodeUITests" */;
			buildPhases = (
				D84088E51E09E41C00E87EC2 /* Sources */,
				D84088E61E09E41C00E87EC2 /* Frameworks */,
				D84088E71E09E41C00E87EC2 /* Resources */,
			);
			buildRules = (
			);
			dependencies = (
				D84088EB1E09E41C00E87EC2 /* PBXTargetDependency */,
			);
			name = GitXcodeUITests;
			productName = GitXcodeUITests;
			productReference = D84088E91E09E41C00E87EC2 /* GitXcodeUITests.xctest */;
			productType = "com.apple.product-type.bundle.ui-testing";
		};
/* End PBXNativeTarget section */

/* Begin PBXProject section */
		D84088CD1E09E41C00E87EC2 /* Project object */ = {
			isa = PBXProject;
			attributes = {
				LastSwiftUpdateCheck = 0820;
				LastUpgradeCheck = 0820;
				ORGANIZATIONNAME = "Monica Monteiro";
				TargetAttributes = {
					D84088D41E09E41C00E87EC2 = {
						CreatedOnToolsVersion = 8.2;
						DevelopmentTeam = A55L653E7B;
						ProvisioningStyle = Automatic;
					};
					D84088E81E09E41C00E87EC2 = {
						CreatedOnToolsVersion = 8.2;
						DevelopmentTeam = A55L653E7B;
						ProvisioningStyle = Automatic;
						TestTargetID = D84088D41E09E41C00E87EC2;
					};
				};
			};
			buildConfigurationList = D84088D01E09E41C00E87EC2 /* Build configuration list for PBXProject "GitXcode" */;
			compatibilityVersion = "Xcode 3.2";
			developmentRegion = English;
			hasScannedForEncodings = 0;
			knownRegions = (
				en,
				Base,
			);
			mainGroup = D84088CC1E09E41C00E87EC2;
			productRefGroup = D84088D61E09E41C00E87EC2 /* Products */;
			projectDirPath = "";
			projectRoot = "";
			targets = (
				D84088D41E09E41C00E87EC2 /* GitXcode */,
				D84088E81E09E41C00E87EC2 /* GitXcodeUITests */,
			);
		};
/* End PBXProject section */

/* Begin PBXResourcesBuildPhase section */
		D84088D31E09E41C00E87EC2 /* Resources */ = {
			isa = PBXResourcesBuildPhase;
			buildActionMask = 2147483647;
			files = (
				D84088E31E09E41C00E87EC2 /* LaunchScreen.storyboard in Resources */,
				D84088E01E09E41C00E87EC2 /* Assets.xcassets in Resources */,
				D84088DE1E09E41C00E87EC2 /* Main.storyboard in Resources */,
			);
			runOnlyForDeploymentPostprocessing = 0;
		};
		D84088E71E09E41C00E87EC2 /* Resources */ = {
			isa = PBXResourcesBuildPhase;
			buildActionMask = 2147483647;
			files = (
			);
			runOnlyForDeploymentPostprocessing = 0;
		};
/* End PBXResourcesBuildPhase section */

/* Begin PBXSourcesBuildPhase section */
		D84088D11E09E41C00E87EC2 /* Sources */ = {
			isa = PBXSourcesBuildPhase;
			buildActionMask = 2147483647;
			files = (
				D84088DB1E09E41C00E87EC2 /* ViewController.swift in Sources */,
				D84088D91E09E41C00E87EC2 /* AppDelegate.swift in Sources */,
			);
			runOnlyForDeploymentPostprocessing = 0;
		};
		D84088E51E09E41C00E87EC2 /* Sources */ = {
			isa = PBXSourcesBuildPhase;
			buildActionMask = 2147483647;
			files = (
				D84088EE1E09E41C00E87EC2 /* GitXcodeUITests.swift in Sources */,
			);
			runOnlyForDeploymentPostprocessing = 0;
		};
/* End PBXSourcesBuildPhase section */

/* Begin PBXTargetDependency section */
		D84088EB1E09E41C00E87EC2 /* PBXTargetDependency */ = {
			isa = PBXTargetDependency;
			target = D84088D41E09E41C00E87EC2 /* GitXcode */;
			targetProxy = D84088EA1E09E41C00E87EC2 /* PBXContainerItemProxy */;
		};
/* End PBXTargetDependency section */

/* Begin PBXVariantGroup section */
		D84088DC1E09E41C00E87EC2 /* Main.storyboard */ = {
			isa = PBXVariantGroup;
			children = (
				D84088DD1E09E41C00E87EC2 /* Base */,
			);
			name = Main.storyboard;
			sourceTree = "<group>";
		};
		D84088E11E09E41C00E87EC2 /* LaunchScreen.storyboard */ = {
			isa = PBXVariantGroup;
			children = (
				D84088E21E09E41C00E87EC2 /* Base */,
			);
			name = LaunchScreen.storyboard;
			sourceTree = "<group>";
		};
/* End PBXVariantGroup section */

/* Begin XCBuildConfiguration section */
		D84088F01E09E41C00E87EC2 /* Debug */ = {
			isa = XCBuildConfiguration;
			buildSettings = {
				ALWAYS_SEARCH_USER_PATHS = NO;
				CLANG_ANALYZER_NONNULL = YES;
				CLANG_CXX_LANGUAGE_STANDARD = "gnu++0x";
				CLANG_CXX_LIBRARY = "libc++";
				CLANG_ENABLE_MODULES = YES;
				CLANG_ENABLE_OBJC_ARC = YES;
				CLANG_WARN_BOOL_CONVERSION = YES;
				CLANG_WARN_CONSTANT_CONVERSION = YES;
				CLANG_WARN_DIRECT_OBJC_ISA_USAGE = YES_ERROR;
				CLANG_WARN_DOCUMENTATION_COMMENTS = YES;
				CLANG_WARN_EMPTY_BODY = YES;
				CLANG_WARN_ENUM_CONVERSION = YES;
				CLANG_WARN_INFINITE_RECURSION = YES;
				CLANG_WARN_INT_CONVERSION = YES;
				CLANG_WARN_OBJC_ROOT_CLASS = YES_ERROR;
				CLANG_WARN_SUSPICIOUS_MOVE = YES;
				CLANG_WARN_UNREACHABLE_CODE = YES;
				CLANG_WARN__DUPLICATE_METHOD_MATCH = YES;
				"CODE_SIGN_IDENTITY[sdk=iphoneos*]" = "iPhone Developer";
				COPY_PHASE_STRIP = NO;
				DEBUG_INFORMATION_FORMAT = dwarf;
				ENABLE_STRICT_OBJC_MSGSEND = YES;
				ENABLE_TESTABILITY = YES;
				GCC_C_LANGUAGE_STANDARD = gnu99;
				GCC_DYNAMIC_NO_PIC = NO;
				GCC_NO_COMMON_BLOCKS = YES;
				GCC_OPTIMIZATION_LEVEL = 0;
				GCC_PREPROCESSOR_DEFINITIONS = (
					"DEBUG=1",
					"$(inherited)",
				);
				GCC_WARN_64_TO_32_BIT_CONVERSION = YES;
				GCC_WARN_ABOUT_RETURN_TYPE = YES_ERROR;
				GCC_WARN_UNDECLARED_SELECTOR = YES;
				GCC_WARN_UNINITIALIZED_AUTOS = YES_AGGRESSIVE;
				GCC_WARN_UNUSED_FUNCTION = YES;
				GCC_WARN_UNUSED_VARIABLE = YES;
				IPHONEOS_DEPLOYMENT_TARGET = 10.2;
				MTL_ENABLE_DEBUG_INFO = YES;
				ONLY_ACTIVE_ARCH = YES;
				SDKROOT = iphoneos;
				SWIFT_ACTIVE_COMPILATION_CONDITIONS = DEBUG;
				SWIFT_OPTIMIZATION_LEVEL = "-Onone";
				TARGETED_DEVICE_FAMILY = "1,2";
			};
			name = Debug;
		};
		D84088F11E09E41C00E87EC2 /* Release */ = {
			isa = XCBuildConfiguration;
			buildSettings = {
				ALWAYS_SEARCH_USER_PATHS = NO;
				CLANG_ANALYZER_NONNULL = YES;
				CLANG_CXX_LANGUAGE_STANDARD = "gnu++0x";
				CLANG_CXX_LIBRARY = "libc++";
				CLANG_ENABLE_MODULES = YES;
				CLANG_ENABLE_OBJC_ARC = YES;
				CLANG_WARN_BOOL_CONVERSION = YES;
				CLANG_WARN_CONSTANT_CONVERSION = YES;
				CLANG_WARN_DIRECT_OBJC_ISA_USAGE = YES_ERROR;
				CLANG_WARN_DOCUMENTATION_COMMENTS = YES;
				CLANG_WARN_EMPTY_BODY = YES;
				CLANG_WARN_ENUM_CONVERSION = YES;
				CLANG_WARN_INFINITE_RECURSION = YES;
				CLANG_WARN_INT_CONVERSION = YES;
				CLANG_WARN_OBJC_ROOT_CLASS = YES_ERROR;
				CLANG_WARN_SUSPICIOUS_MOVE = YES;
				CLANG_WARN_UNREACHABLE_CODE = YES;
				CLANG_WARN__DUPLICATE_METHOD_MATCH = YES;
				"CODE_SIGN_IDENTITY[sdk=iphoneos*]" = "iPhone Developer";
				COPY_PHASE_STRIP = NO;
				DEBUG_INFORMATION_FORMAT = "dwarf-with-dsym";
				ENABLE_NS_ASSERTIONS = NO;
				ENABLE_STRICT_OBJC_MSGSEND = YES;
				GCC_C_LANGUAGE_STANDARD = gnu99;
				GCC_NO_COMMON_BLOCKS = YES;
				GCC_WARN_64_TO_32_BIT_CONVERSION = YES;
				GCC_WARN_ABOUT_RETURN_TYPE = YES_ERROR;
				GCC_WARN_UNDECLARED_SELECTOR = YES;
				GCC_WARN_UNINITIALIZED_AUTOS = YES_AGGRESSIVE;
				GCC_WARN_UNUSED_FUNCTION = YES;
				GCC_WARN_UNUSED_VARIABLE = YES;
				IPHONEOS_DEPLOYMENT_TARGET = 10.2;
				MTL_ENABLE_DEBUG_INFO = NO;
				SDKROOT = iphoneos;
				SWIFT_OPTIMIZATION_LEVEL = "-Owholemodule";
				TARGETED_DEVICE_FAMILY = "1,2";
				VALIDATE_PRODUCT = YES;
			};
			name = Release;
		};
		D84088F31E09E41C00E87EC2 /* Debug */ = {
			isa = XCBuildConfiguration;
			buildSettings = {
				ASSETCATALOG_COMPILER_APPICON_NAME = AppIcon;
				DEVELOPMENT_TEAM = A55L653E7B;
				INFOPLIST_FILE = GitXcode/Info.plist;
				LD_RUNPATH_SEARCH_PATHS = "$(inherited) @executable_path/Frameworks";
				PRODUCT_BUNDLE_IDENTIFIER = net.mentesvoadoras.GitXcode;
				PRODUCT_NAME = "$(TARGET_NAME)";
				SWIFT_VERSION = 3.0;
			};
			name = Debug;
		};
		D84088F41E09E41C00E87EC2 /* Release */ = {
			isa = XCBuildConfiguration;
			buildSettings = {
				ASSETCATALOG_COMPILER_APPICON_NAME = AppIcon;
				DEVELOPMENT_TEAM = A55L653E7B;
				INFOPLIST_FILE = GitXcode/Info.plist;
				LD_RUNPATH_SEARCH_PATHS = "$(inherited) @executable_path/Frameworks";
				PRODUCT_BUNDLE_IDENTIFIER = net.mentesvoadoras.GitXcode;
				PRODUCT_NAME = "$(TARGET_NAME)";
				SWIFT_VERSION = 3.0;
			};
			name = Release;
		};
		D84088F61E09E41C00E87EC2 /* Debug */ = {
			isa = XCBuildConfiguration;
			buildSettings = {
				ALWAYS_EMBED_SWIFT_STANDARD_LIBRARIES = YES;
				DEVELOPMENT_TEAM = A55L653E7B;
				INFOPLIST_FILE = GitXcodeUITests/Info.plist;
				LD_RUNPATH_SEARCH_PATHS = "$(inherited) @executable_path/Frameworks @loader_path/Frameworks";
				PRODUCT_BUNDLE_IDENTIFIER = net.mentesvoadoras.GitXcodeUITests;
				PRODUCT_NAME = "$(TARGET_NAME)";
				SWIFT_VERSION = 3.0;
				TEST_TARGET_NAME = GitXcode;
			};
			name = Debug;
		};
		D84088F71E09E41C00E87EC2 /* Release */ = {
			isa = XCBuildConfiguration;
			buildSettings = {
				ALWAYS_EMBED_SWIFT_STANDARD_LIBRARIES = YES;
				DEVELOPMENT_TEAM = A55L653E7B;
				INFOPLIST_FILE = GitXcodeUITests/Info.plist;
				LD_RUNPATH_SEARCH_PATHS = "$(inherited) @executable_path/Frameworks @loader_path/Frameworks";
				PRODUCT_BUNDLE_IDENTIFIER = net.mentesvoadoras.GitXcodeUITests;
				PRODUCT_NAME = "$(TARGET_NAME)";
				SWIFT_VERSION = 3.0;
				TEST_TARGET_NAME = GitXcode;
			};
			name = Release;
		};
/* End XCBuildConfiguration section */

/* Begin XCConfigurationList section */
		D84088D01E09E41C00E87EC2 /* Build configuration list for PBXProject "GitXcode" */ = {
			isa = XCConfigurationList;
			buildConfigurations = (
				D84088F01E09E41C00E87EC2 /* Debug */,
				D84088F11E09E41C00E87EC2 /* Release */,
			);
			defaultConfigurationIsVisible = 0;
			defaultConfigurationName = Release;
		};
		D84088F21E09E41C00E87EC2 /* Build configuration list for PBXNativeTarget "GitXcode" */ = {
			isa = XCConfigurationList;
			buildConfigurations = (
				D84088F31E09E41C00E87EC2 /* Debug */,
				D84088F41E09E41C00E87EC2 /* Release */,
			);
			defaultConfigurationIsVisible = 0;
		};
		D84088F51E09E41C00E87EC2 /* Build configuration list for PBXNativeTarget "GitXcodeUITests" */ = {
			isa = XCConfigurationList;
			buildConfigurations = (
				D84088F61E09E41C00E87EC2 /* Debug */,
				D84088F71E09E41C00E87EC2 /* Release */,
			);
			defaultConfigurationIsVisible = 0;
		};
/* End XCConfigurationList section */
	};
	rootObject = D84088CD1E09E41C00E87EC2 /* Project object */;
}
